<?xml version="1.0" encoding="utf-8"?>
<Project ToolsVersion="4.0" xmlns="http://schemas.microsoft.com/developer/msbuild/2003">
  <ItemGroup>
    <Filter Include="Source Files">
      <UniqueIdentifier>{4FC737F1-C7A5-4376-A066-2A32D752A2FF}</UniqueIdentifier>
      <Extensions>cpp;c;cc;cxx;def;odl;idl;hpj;bat;asm;asmx</Extensions>
    </Filter>
    <Filter Include="Header Files">
      <UniqueIdentifier>{93995380-89BD-4b04-88EB-625FBE52EBFB}</UniqueIdentifier>
      <Extensions>h;hpp;hxx;hm;inl;inc;xsd</Extensions>
    </Filter>
    <Filter Include="Resource Files">
      <UniqueIdentifier>{67DA6AB6-F800-4c08-8B7A-83BB121AAD01}</UniqueIdentifier>
      <Extensions>rc;ico;cur;bmp;dlg;rc2;rct;bin;rgs;gif;jpg;jpeg;jpe;resx;tiff;tif;png;wav;mfcribbon-ms</Extensions>
    </Filter>
    <Filter Include="tinyobjloader">
      <UniqueIdentifier>{cb97dd15-a916-48bc-8245-96e7ec499326}</UniqueIdentifier>
    </Filter>
    <Filter Include="Resource Files\Common Shaders">
      <UniqueIdentifier>{c87bc7cc-d69e-4180-bd1b-4868905e48c4}</UniqueIdentifier>
    </Filter>
    <Filter Include="Resource Files\Deferred Shaders">
      <UniqueIdentifier>{8b93f014-8d39-4844-a850-c944c31dd1f1}</UniqueIdentifier>
    </Filter>
    <Filter Include="Resource Files\Forward Shaders">
      <UniqueIdentifier>{ed482330-0fb4-4ccf-b9f4-3590c9610729}</UniqueIdentifier>
    </Filter>
  </ItemGroup>
  <ItemGroup>
    <ClCompile Include="..\..\..\src\main.cpp">
      <Filter>Source Files</Filter>
    </ClCompile>
    <ClCompile Include="..\..\..\src\Utility.cpp">
      <Filter>Source Files</Filter>
    </ClCompile>
    <ClCompile Include="..\..\..\src\tiny_obj_loader\tiny_obj_loader.cc">
      <Filter>tinyobjloader</Filter>
    </ClCompile>
    <ClCompile Include="..\..\..\src\InstantRadiosity.cpp">
      <Filter>Source Files</Filter>
    </ClCompile>
  </ItemGroup>
  <ItemGroup>
    <ClInclude Include="..\..\..\src\tiny_obj_loader\tiny_obj_loader.h">
      <Filter>tinyobjloader</Filter>
    </ClInclude>
    <ClInclude Include="..\..\..\src\main.h">
      <Filter>Header Files</Filter>
    </ClInclude>
    <ClInclude Include="..\..\..\src\Utility.h">
      <Filter>Header Files</Filter>
    </ClInclude>
    <ClInclude Include="..\..\..\src\InstantRadiosity.h">
      <Filter>Header Files</Filter>
    </ClInclude>
  </ItemGroup>
  <ItemGroup>
    <None Include="..\..\..\res\shaders\pass.vert">
      <Filter>Resource Files\Common Shaders</Filter>
    </None>
    <None Include="..\..\..\res\shaders\vpl_compute.glsl">
      <Filter>Resource Files\Common Shaders</Filter>
    </None>
    <None Include="..\..\..\res\shaders\ambient.frag">
      <Filter>Resource Files\Deferred Shaders</Filter>
    </None>
    <None Include="..\..\..\res\shaders\shade.vert">
      <Filter>Resource Files\Deferred Shaders</Filter>
    </None>
    <None Include="..\..\..\res\shaders\diagnostic.frag">
      <Filter>Resource Files\Deferred Shaders</Filter>
    </None>
    <None Include="..\..\..\res\shaders\directional.frag">
      <Filter>Resource Files\Deferred Shaders</Filter>
    </None>
    <None Include="..\..\..\res\shaders\pass.frag">
      <Filter>Resource Files\Deferred Shaders</Filter>
    </None>
    <None Include="..\..\..\res\shaders\point.frag">
      <Filter>Resource Files\Deferred Shaders</Filter>
    </None>
    <None Include="..\..\..\res\shaders\post.frag">
      <Filter>Resource Files\Deferred Shaders</Filter>
    </None>
    <None Include="..\..\..\res\shaders\post.vert">
      <Filter>Resource Files\Deferred Shaders</Filter>
    </None>
    <None Include="..\..\..\res\shaders\forward_frag.glsl">
      <Filter>Resource Files\Forward Shaders</Filter>
    </None>
    <None Include="..\..\..\res\shaders\fplus_frag.glsl">
      <Filter>Resource Files\Forward Shaders</Filter>
    </None>
    <None Include="..\..\..\res\shaders\fplus_lightcull.glsl">
      <Filter>Resource Files\Forward Shaders</Filter>
    </None>
    <None Include="..\..\..\res\shaders\forward_vert.glsl">
      <Filter>Resource Files\Forward Shaders</Filter>
    </None>
    <None Include="..\..\..\res\shaders\dmap_frag.glsl">
      <Filter>Resource Files\Common Shaders</Filter>
    </None>
  </ItemGroup>
</Project>